
Microsoft Visual Studio Solution File, Format Version 12.00
# Visual Studio Version 17
VisualStudioVersion = 17.4.33205.214
MinimumVisualStudioVersion = 10.0.40219.1
Project("{8BC9CEB8-8B4A-11D0-8D11-00A0C91BC942}") = "Tome_Daniel_HW3_Q1", "Tome_Daniel_HW3_Q1\Tome_Daniel_HW3_Q1.vcxproj", "{24E394C4-BB29-4F49-AC1B-7CDEE812A694}"
EndProject
Global
	GlobalSection(SolutionConfigurationPlatforms) = preSolution
		Debug|x64 = Debug|x64
		Debug|x86 = Debug|x86
		Release|x64 = Release|x64
		Release|x86 = Release|x86
	EndGlobalSection
	GlobalSection(ProjectConfigurationPlatforms) = postSolution
		{24E394C4-BB29-4F49-AC1B-7CDEE812A694}.Debug|x64.ActiveCfg = Debug|x64
		{24E394C4-BB29-4F49-AC1B-7CDEE812A694}.Debug|x64.Build.0 = Debug|x64
		{24E394C4-BB29-4F49-AC1B-7CDEE812A694}.Debug|x86.ActiveCfg = Debug|Win32
		{24E394C4-BB29-4F49-AC1B-7CDEE812A694}.Debug|x86.Build.0 = Debug|Win32
		{24E394C4-BB29-4F49-AC1B-7CDEE812A694}.Release|x64.ActiveCfg = Release|x64
		{24E394C4-BB29-4F49-AC1B-7CDEE812A694}.Release|x64.Build.0 = Release|x64
		{24E394C4-BB29-4F49-AC1B-7CDEE812A694}.Release|x86.ActiveCfg = Release|Win32
		{24E394C4-BB29-4F49-AC1B-7CDEE812A694}.Release|x86.Build.0 = Release|Win32
	EndGlobalSection
	GlobalSection(SolutionProperties) = preSolution
		HideSolutionNode = FALSE
	EndGlobalSection
	GlobalSection(ExtensibilityGlobals) = postSolution
		SolutionGuid = {924678C7-0D31-410B-A0CB-C36816107370}
	EndGlobalSection
EndGlobal
